{
  "version": "5",
  "remote": {
    "https://edge.netlify.com/": "fd941d61d88673d5f28aab283fb86fcc50f08a3bc80ee5470498fcfa88c65cfb",
    "https://edge.netlify.com/bootstrap/config.ts": "6a2ce0e544e15e8f8883a5c18da5948e37fd0f2619f68cb31f3af53c51817025",
    "https://edge.netlify.com/bootstrap/context.ts": "e97240232121e2f369f6546ce961490f34d961ea1ea54be3ff09633e3f08373f",
    "https://edge.netlify.com/bootstrap/cookie.ts": "8b0baae708989ca183c6f3b4ab3d029e6abcbc2e43f93edeb0ff447b3bbc3a05",
    "https://edge.netlify.com/bootstrap/edge_function.ts": "b8253e86aa83c67341f5cfedeba5049d77fbf84dcab7eceff7566b7728ae9b39",
    "https://edge.netlify.com/bootstrap/globals/types.ts": "eaa6148ded3121d8dee62dd91c86e7fe76601df0f3ca8d7962243a30f4c8935f"
  },
  "workspace": {
    "packageJson": {
      "dependencies": [
        "npm:@eslint/eslintrc@3",
        "npm:@faker-js/faker@^9.8.0",
        "npm:@headlessui/react@^2.2.4",
        "npm:@hookform/resolvers@^5.0.1",
        "npm:@lottiefiles/dotlottie-react@~0.14.2",
        "npm:@react-pdf/renderer@^4.3.0",
        "npm:@tailwindcss/postcss@^4.1.7",
        "npm:@types/file-saver@^2.0.7",
        "npm:@types/lodash@^4.17.17",
        "npm:@types/node@^20.17.51",
        "npm:@types/react-dom@19",
        "npm:@types/react@^19.1.6",
        "npm:@typescript-eslint/eslint-plugin@^8.33.0",
        "npm:@typescript-eslint/parser@^8.33.0",
        "npm:axios@^1.9.0",
        "npm:cally@0.8",
        "npm:clsx@^2.1.1",
        "npm:convert-html-to-pdf@^1.0.1",
        "npm:cookies-next@6",
        "npm:daisyui@^5.0.37",
        "npm:eslint-config-next@15.3.2",
        "npm:eslint@^9.28.0",
        "npm:file-saver@^2.0.5",
        "npm:html2canvas-pro@^1.5.11",
        "npm:html2canvas@^1.4.1",
        "npm:html2pdf.js@~0.10.3",
        "npm:jspdf@^3.0.1",
        "npm:lodash@^4.17.21",
        "npm:lottie-react@^2.4.1",
        "npm:next-intl@^4.1.0",
        "npm:next@15.3.2",
        "npm:pikaday@^1.8.2",
        "npm:puppeteer@^24.15.0",
        "npm:react-day-picker@^9.7.0",
        "npm:react-dom@19",
        "npm:react-dropzone@^14.3.8",
        "npm:react-hook-form@^7.57.0",
        "npm:react-html2pdf@^1.0.1",
        "npm:react-icons@^5.5.0",
        "npm:react-lottie@^1.2.10",
        "npm:react-organizational-chart@^2.2.1",
        "npm:react-signature-canvas@^1.1.0-alpha.2",
        "npm:react-to-print@^3.1.1",
        "npm:react@19",
        "npm:resend@^4.7.0",
        "npm:sass@^1.89.0",
        "npm:sonner@^2.0.5",
        "npm:tailwindcss@^4.1.7",
        "npm:ts-prune@~0.10.3",
        "npm:typescript@^5.8.3",
        "npm:uuid@^11.1.0",
        "npm:zod@^3.25.49",
        "npm:zustand@^5.0.5"
      ]
    }
  }
}
